
Microsoft Visual Studio Solution File, Format Version 12.00
# Visual Studio Version 16
VisualStudioVersion = 16.0.30804.86
MinimumVisualStudioVersion = 10.0.40219.1
Project("{FAE04EC0-301F-11D3-BF4B-00C04F79EFBC}") = "ReactRouterPeopleAndCars.Web", "ReactRouterPeopleAndCars.Web\ReactRouterPeopleAndCars.Web.csproj", "{4FE553F2-90F8-4159-B7B0-3D9FA71EEB20}"
EndProject
Project("{FAE04EC0-301F-11D3-BF4B-00C04F79EFBC}") = "ReactRouterPeopleAndCars.Data", "ReactRouterPeopleAndCars.Data\ReactRouterPeopleAndCars.Data.csproj", "{2B4BB955-0CCA-4BEF-990D-7A8CB8415362}"
EndProject
Global
	GlobalSection(SolutionConfigurationPlatforms) = preSolution
		Debug|Any CPU = Debug|Any CPU
		Release|Any CPU = Release|Any CPU
	EndGlobalSection
	GlobalSection(ProjectConfigurationPlatforms) = postSolution
		{4FE553F2-90F8-4159-B7B0-3D9FA71EEB20}.Debug|Any CPU.ActiveCfg = Debug|Any CPU
		{4FE553F2-90F8-4159-B7B0-3D9FA71EEB20}.Debug|Any CPU.Build.0 = Debug|Any CPU
		{4FE553F2-90F8-4159-B7B0-3D9FA71EEB20}.Release|Any CPU.ActiveCfg = Release|Any CPU
		{4FE553F2-90F8-4159-B7B0-3D9FA71EEB20}.Release|Any CPU.Build.0 = Release|Any CPU
		{2B4BB955-0CCA-4BEF-990D-7A8CB8415362}.Debug|Any CPU.ActiveCfg = Debug|Any CPU
		{2B4BB955-0CCA-4BEF-990D-7A8CB8415362}.Debug|Any CPU.Build.0 = Debug|Any CPU
		{2B4BB955-0CCA-4BEF-990D-7A8CB8415362}.Release|Any CPU.ActiveCfg = Release|Any CPU
		{2B4BB955-0CCA-4BEF-990D-7A8CB8415362}.Release|Any CPU.Build.0 = Release|Any CPU
	EndGlobalSection
	GlobalSection(SolutionProperties) = preSolution
		HideSolutionNode = FALSE
	EndGlobalSection
	GlobalSection(ExtensibilityGlobals) = postSolution
		SolutionGuid = {95CD941B-4059-4818-B7EC-C42606D3BCD8}
	EndGlobalSection
EndGlobal
